// !$*UTF8*$!
{
	archiveVersion = 1;
	classes = {
	};
	objectVersion = 50;
	objects = {

/* Begin PBXBuildFile section */
		48355088220CE16400B220EF /* AppDelegate.swift in Sources */ = {isa = PBXBuildFile; fileRef = 48355087220CE16400B220EF /* AppDelegate.swift */; };
		4835508A220CE16400B220EF /* ConnectionsVC.swift in Sources */ = {isa = PBXBuildFile; fileRef = 48355089220CE16400B220EF /* ConnectionsVC.swift */; };
		4835508D220CE16400B220EF /* Main.storyboard in Resources */ = {isa = PBXBuildFile; fileRef = 4835508B220CE16400B220EF /* Main.storyboard */; };
		4835508F220CE16500B220EF /* Assets.xcassets in Resources */ = {isa = PBXBuildFile; fileRef = 4835508E220CE16500B220EF /* Assets.xcassets */; };
		48355092220CE16500B220EF /* LaunchScreen.storyboard in Resources */ = {isa = PBXBuildFile; fileRef = 48355090220CE16500B220EF /* LaunchScreen.storyboard */; };
		4835509C220CF0CA00B220EF /* eReminderLogoV2.png in Resources */ = {isa = PBXBuildFile; fileRef = 4835509B220CF0CA00B220EF /* eReminderLogoV2.png */; };
		48DFC9A82210CAB7004B0E8F /* CreateViewController.swift in Sources */ = {isa = PBXBuildFile; fileRef = 48DFC9A72210CAB7004B0E8F /* CreateViewController.swift */; };
		48DFC9AA2210E3E3004B0E8F /* FavoritesViewController.swift in Sources */ = {isa = PBXBuildFile; fileRef = 48DFC9A92210E3E3004B0E8F /* FavoritesViewController.swift */; };
		48DFC9AC2210EAF5004B0E8F /* DraftsViewController.swift in Sources */ = {isa = PBXBuildFile; fileRef = 48DFC9AB2210EAF5004B0E8F /* DraftsViewController.swift */; };
		48DFC9AE2210EFC8004B0E8F /* DetailViewController.swift in Sources */ = {isa = PBXBuildFile; fileRef = 48DFC9AD2210EFC8004B0E8F /* DetailViewController.swift */; };
		48E8AE1A22121AD4008C29C6 /* FavoriteCell.swift in Sources */ = {isa = PBXBuildFile; fileRef = 48E8AE1922121AD3008C29C6 /* FavoriteCell.swift */; };
		48E8AE1C221222A8008C29C6 /* Expandable.swift in Sources */ = {isa = PBXBuildFile; fileRef = 48E8AE1B221222A8008C29C6 /* Expandable.swift */; };
/* End PBXBuildFile section */

/* Begin PBXFileReference section */
		48355084220CE16400B220EF /* e-Reminder.app */ = {isa = PBXFileReference; explicitFileType = wrapper.application; includeInIndex = 0; path = "e-Reminder.app"; sourceTree = BUILT_PRODUCTS_DIR; };
		48355087220CE16400B220EF /* AppDelegate.swift */ = {isa = PBXFileReference; lastKnownFileType = sourcecode.swift; path = AppDelegate.swift; sourceTree = "<group>"; };
		48355089220CE16400B220EF /* ConnectionsVC.swift */ = {isa = PBXFileReference; lastKnownFileType = sourcecode.swift; path = ConnectionsVC.swift; sourceTree = "<group>"; };
		4835508C220CE16400B220EF /* Base */ = {isa = PBXFileReference; lastKnownFileType = file.storyboard; name = Base; path = Base.lproj/Main.storyboard; sourceTree = "<group>"; };
		4835508E220CE16500B220EF /* Assets.xcassets */ = {isa = PBXFileReference; lastKnownFileType = folder.assetcatalog; path = Assets.xcassets; sourceTree = "<group>"; };
		48355091220CE16500B220EF /* Base */ = {isa = PBXFileReference; lastKnownFileType = file.storyboard; name = Base; path = Base.lproj/LaunchScreen.storyboard; sourceTree = "<group>"; };
		48355093220CE16500B220EF /* Info.plist */ = {isa = PBXFileReference; lastKnownFileType = text.plist.xml; path = Info.plist; sourceTree = "<group>"; };
		4835509B220CF0CA00B220EF /* eReminderLogoV2.png */ = {isa = PBXFileReference; lastKnownFileType = image.png; name = eReminderLogoV2.png; path = ../../../../../Downloads/eReminderLogoV2.png; sourceTree = "<group>"; };
		48DFC9A72210CAB7004B0E8F /* CreateViewController.swift */ = {isa = PBXFileReference; lastKnownFileType = sourcecode.swift; path = CreateViewController.swift; sourceTree = "<group>"; };
		48DFC9A92210E3E3004B0E8F /* FavoritesViewController.swift */ = {isa = PBXFileReference; lastKnownFileType = sourcecode.swift; path = FavoritesViewController.swift; sourceTree = "<group>"; };
		48DFC9AB2210EAF5004B0E8F /* DraftsViewController.swift */ = {isa = PBXFileReference; lastKnownFileType = sourcecode.swift; path = DraftsViewController.swift; sourceTree = "<group>"; };
		48DFC9AD2210EFC8004B0E8F /* DetailViewController.swift */ = {isa = PBXFileReference; lastKnownFileType = sourcecode.swift; path = DetailViewController.swift; sourceTree = "<group>"; };
		48E8AE1922121AD3008C29C6 /* FavoriteCell.swift */ = {isa = PBXFileReference; lastKnownFileType = sourcecode.swift; path = FavoriteCell.swift; sourceTree = "<group>"; };
		48E8AE1B221222A8008C29C6 /* Expandable.swift */ = {isa = PBXFileReference; lastKnownFileType = sourcecode.swift; path = Expandable.swift; sourceTree = "<group>"; };
/* End PBXFileReference section */

/* Begin PBXFrameworksBuildPhase section */
		48355081220CE16400B220EF /* Frameworks */ = {
			isa = PBXFrameworksBuildPhase;
			buildActionMask = 2147483647;
			files = (
			);
			runOnlyForDeploymentPostprocessing = 0;
		};
/* End PBXFrameworksBuildPhase section */

/* Begin PBXGroup section */
		4835507B220CE16400B220EF = {
			isa = PBXGroup;
			children = (
				48355086220CE16400B220EF /* e-Reminder */,
				48355085220CE16400B220EF /* Products */,
			);
			sourceTree = "<group>";
		};
		48355085220CE16400B220EF /* Products */ = {
			isa = PBXGroup;
			children = (
				48355084220CE16400B220EF /* e-Reminder.app */,
			);
			name = Products;
			sourceTree = "<group>";
		};
		48355086220CE16400B220EF /* e-Reminder */ = {
			isa = PBXGroup;
			children = (
				48355087220CE16400B220EF /* AppDelegate.swift */,
				48E8AE1B221222A8008C29C6 /* Expandable.swift */,
				48355089220CE16400B220EF /* ConnectionsVC.swift */,
				48DFC9A72210CAB7004B0E8F /* CreateViewController.swift */,
				48DFC9A92210E3E3004B0E8F /* FavoritesViewController.swift */,
				4835508B220CE16400B220EF /* Main.storyboard */,
				48E8AE1922121AD3008C29C6 /* FavoriteCell.swift */,
				48DFC9AD2210EFC8004B0E8F /* DetailViewController.swift */,
				48DFC9AB2210EAF5004B0E8F /* DraftsViewController.swift */,
				4835508E220CE16500B220EF /* Assets.xcassets */,
				4835509B220CF0CA00B220EF /* eReminderLogoV2.png */,
				48355090220CE16500B220EF /* LaunchScreen.storyboard */,
				48355093220CE16500B220EF /* Info.plist */,
			);
			path = "e-Reminder";
			sourceTree = "<group>";
		};
/* End PBXGroup section */

/* Begin PBXNativeTarget section */
		48355083220CE16400B220EF /* e-Reminder */ = {
			isa = PBXNativeTarget;
			buildConfigurationList = 48355096220CE16500B220EF /* Build configuration list for PBXNativeTarget "e-Reminder" */;
			buildPhases = (
				48355080220CE16400B220EF /* Sources */,
				48355081220CE16400B220EF /* Frameworks */,
				48355082220CE16400B220EF /* Resources */,
			);
			buildRules = (
			);
			dependencies = (
			);
			name = "e-Reminder";
			productName = "e-Reminder";
			productReference = 48355084220CE16400B220EF /* e-Reminder.app */;
			productType = "com.apple.product-type.application";
		};
/* End PBXNativeTarget section */

/* Begin PBXProject section */
		4835507C220CE16400B220EF /* Project object */ = {
			isa = PBXProject;
			attributes = {
				LastSwiftUpdateCheck = 1000;
				LastUpgradeCheck = 1000;
				ORGANIZATIONNAME = "Ibraheem rawlinson";
				TargetAttributes = {
					48355083220CE16400B220EF = {
						CreatedOnToolsVersion = 10.0;
					};
				};
			};
			buildConfigurationList = 4835507F220CE16400B220EF /* Build configuration list for PBXProject "e-Reminder" */;
			compatibilityVersion = "Xcode 9.3";
			developmentRegion = en;
			hasScannedForEncodings = 0;
			knownRegions = (
				en,
				Base,
			);
			mainGroup = 4835507B220CE16400B220EF;
			productRefGroup = 48355085220CE16400B220EF /* Products */;
			projectDirPath = "";
			projectRoot = "";
			targets = (
				48355083220CE16400B220EF /* e-Reminder */,
			);
		};
/* End PBXProject section */

/* Begin PBXResourcesBuildPhase section */
		48355082220CE16400B220EF /* Resources */ = {
			isa = PBXResourcesBuildPhase;
			buildActionMask = 2147483647;
			files = (
				4835509C220CF0CA00B220EF /* eReminderLogoV2.png in Resources */,
				48355092220CE16500B220EF /* LaunchScreen.storyboard in Resources */,
				4835508F220CE16500B220EF /* Assets.xcassets in Resources */,
				4835508D220CE16400B220EF /* Main.storyboard in Resources */,
			);
			runOnlyForDeploymentPostprocessing = 0;
		};
/* End PBXResourcesBuildPhase section */

/* Begin PBXSourcesBuildPhase section */
		48355080220CE16400B220EF /* Sources */ = {
			isa = PBXSourcesBuildPhase;
			buildActionMask = 2147483647;
			files = (
				4835508A220CE16400B220EF /* ConnectionsVC.swift in Sources */,
				48355088220CE16400B220EF /* AppDelegate.swift in Sources */,
				48E8AE1A22121AD4008C29C6 /* FavoriteCell.swift in Sources */,
				48DFC9AC2210EAF5004B0E8F /* DraftsViewController.swift in Sources */,
				48DFC9AE2210EFC8004B0E8F /* DetailViewController.swift in Sources */,
				48DFC9AA2210E3E3004B0E8F /* FavoritesViewController.swift in Sources */,
				48DFC9A82210CAB7004B0E8F /* CreateViewController.swift in Sources */,
				48E8AE1C221222A8008C29C6 /* Expandable.swift in Sources */,
			);
			runOnlyForDeploymentPostprocessing = 0;
		};
/* End PBXSourcesBuildPhase section */

/* Begin PBXVariantGroup section */
		4835508B220CE16400B220EF /* Main.storyboard */ = {
			isa = PBXVariantGroup;
			children = (
				4835508C220CE16400B220EF /* Base */,
			);
			name = Main.storyboard;
			sourceTree = "<group>";
		};
		48355090220CE16500B220EF /* LaunchScreen.storyboard */ = {
			isa = PBXVariantGroup;
			children = (
				48355091220CE16500B220EF /* Base */,
			);
			name = LaunchScreen.storyboard;
			sourceTree = "<group>";
		};
/* End PBXVariantGroup section */

/* Begin XCBuildConfiguration section */
		48355094220CE16500B220EF /* Debug */ = {
			isa = XCBuildConfiguration;
			buildSettings = {
				ALWAYS_SEARCH_USER_PATHS = NO;
				CLANG_ANALYZER_NONNULL = YES;
				CLANG_ANALYZER_NUMBER_OBJECT_CONVERSION = YES_AGGRESSIVE;
				CLANG_CXX_LANGUAGE_STANDARD = "gnu++14";
				CLANG_CXX_LIBRARY = "libc++";
				CLANG_ENABLE_MODULES = YES;
				CLANG_ENABLE_OBJC_ARC = YES;
				CLANG_ENABLE_OBJC_WEAK = YES;
				CLANG_WARN_BLOCK_CAPTURE_AUTORELEASING = YES;
				CLANG_WARN_BOOL_CONVERSION = YES;
				CLANG_WARN_COMMA = YES;
				CLANG_WARN_CONSTANT_CONVERSION = YES;
				CLANG_WARN_DEPRECATED_OBJC_IMPLEMENTATIONS = YES;
				CLANG_WARN_DIRECT_OBJC_ISA_USAGE = YES_ERROR;
				CLANG_WARN_DOCUMENTATION_COMMENTS = YES;
				CLANG_WARN_EMPTY_BODY = YES;
				CLANG_WARN_ENUM_CONVERSION = YES;
				CLANG_WARN_INFINITE_RECURSION = YES;
				CLANG_WARN_INT_CONVERSION = YES;
				CLANG_WARN_NON_LITERAL_NULL_CONVERSION = YES;
				CLANG_WARN_OBJC_IMPLICIT_RETAIN_SELF = YES;
				CLANG_WARN_OBJC_LITERAL_CONVERSION = YES;
				CLANG_WARN_OBJC_ROOT_CLASS = YES_ERROR;
				CLANG_WARN_RANGE_LOOP_ANALYSIS = YES;
				CLANG_WARN_STRICT_PROTOTYPES = YES;
				CLANG_WARN_SUSPICIOUS_MOVE = YES;
				CLANG_WARN_UNGUARDED_AVAILABILITY = YES_AGGRESSIVE;
				CLANG_WARN_UNREACHABLE_CODE = YES;
				CLANG_WARN__DUPLICATE_METHOD_MATCH = YES;
				CODE_SIGN_IDENTITY = "iPhone Developer";
				COPY_PHASE_STRIP = NO;
				DEBUG_INFORMATION_FORMAT = dwarf;
				ENABLE_STRICT_OBJC_MSGSEND = YES;
				ENABLE_TESTABILITY = YES;
				GCC_C_LANGUAGE_STANDARD = gnu11;
				GCC_DYNAMIC_NO_PIC = NO;
				GCC_NO_COMMON_BLOCKS = YES;
				GCC_OPTIMIZATION_LEVEL = 0;
				GCC_PREPROCESSOR_DEFINITIONS = (
					"DEBUG=1",
					"$(inherited)",
				);
				GCC_WARN_64_TO_32_BIT_CONVERSION = YES;
				GCC_WARN_ABOUT_RETURN_TYPE = YES_ERROR;
				GCC_WARN_UNDECLARED_SELECTOR = YES;
				GCC_WARN_UNINITIALIZED_AUTOS = YES_AGGRESSIVE;
				GCC_WARN_UNUSED_FUNCTION = YES;
				GCC_WARN_UNUSED_VARIABLE = YES;
				IPHONEOS_DEPLOYMENT_TARGET = 12.0;
				MTL_ENABLE_DEBUG_INFO = INCLUDE_SOURCE;
				MTL_FAST_MATH = YES;
				ONLY_ACTIVE_ARCH = YES;
				SDKROOT = iphoneos;
				SWIFT_ACTIVE_COMPILATION_CONDITIONS = DEBUG;
				SWIFT_OPTIMIZATION_LEVEL = "-Onone";
			};
			name = Debug;
		};
		48355095220CE16500B220EF /* Release */ = {
			isa = XCBuildConfiguration;
			buildSettings = {
				ALWAYS_SEARCH_USER_PATHS = NO;
				CLANG_ANALYZER_NONNULL = YES;
				CLANG_ANALYZER_NUMBER_OBJECT_CONVERSION = YES_AGGRESSIVE;
				CLANG_CXX_LANGUAGE_STANDARD = "gnu++14";
				CLANG_CXX_LIBRARY = "libc++";
				CLANG_ENABLE_MODULES = YES;
				CLANG_ENABLE_OBJC_ARC = YES;
				CLANG_ENABLE_OBJC_WEAK = YES;
				CLANG_WARN_BLOCK_CAPTURE_AUTORELEASING = YES;
				CLANG_WARN_BOOL_CONVERSION = YES;
				CLANG_WARN_COMMA = YES;
				CLANG_WARN_CONSTANT_CONVERSION = YES;
				CLANG_WARN_DEPRECATED_OBJC_IMPLEMENTATIONS = YES;
				CLANG_WARN_DIRECT_OBJC_ISA_USAGE = YES_ERROR;
				CLANG_WARN_DOCUMENTATION_COMMENTS = YES;
				CLANG_WARN_EMPTY_BODY = YES;
				CLANG_WARN_ENUM_CONVERSION = YES;
				CLANG_WARN_INFINITE_RECURSION = YES;
				CLANG_WARN_INT_CONVERSION = YES;
				CLANG_WARN_NON_LITERAL_NULL_CONVERSION = YES;
				CLANG_WARN_OBJC_IMPLICIT_RETAIN_SELF = YES;
				CLANG_WARN_OBJC_LITERAL_CONVERSION = YES;
				CLANG_WARN_OBJC_ROOT_CLASS = YES_ERROR;
				CLANG_WARN_RANGE_LOOP_ANALYSIS = YES;
				CLANG_WARN_STRICT_PROTOTYPES = YES;
				CLANG_WARN_SUSPICIOUS_MOVE = YES;
				CLANG_WARN_UNGUARDED_AVAILABILITY = YES_AGGRESSIVE;
				CLANG_WARN_UNREACHABLE_CODE = YES;
				CLANG_WARN__DUPLICATE_METHOD_MATCH = YES;
				CODE_SIGN_IDENTITY = "iPhone Developer";
				COPY_PHASE_STRIP = NO;
				DEBUG_INFORMATION_FORMAT = "dwarf-with-dsym";
				ENABLE_NS_ASSERTIONS = NO;
				ENABLE_STRICT_OBJC_MSGSEND = YES;
				GCC_C_LANGUAGE_STANDARD = gnu11;
				GCC_NO_COMMON_BLOCKS = YES;
				GCC_WARN_64_TO_32_BIT_CONVERSION = YES;
				GCC_WARN_ABOUT_RETURN_TYPE = YES_ERROR;
				GCC_WARN_UNDECLARED_SELECTOR = YES;
				GCC_WARN_UNINITIALIZED_AUTOS = YES_AGGRESSIVE;
				GCC_WARN_UNUSED_FUNCTION = YES;
				GCC_WARN_UNUSED_VARIABLE = YES;
				IPHONEOS_DEPLOYMENT_TARGET = 12.0;
				MTL_ENABLE_DEBUG_INFO = NO;
				MTL_FAST_MATH = YES;
				SDKROOT = iphoneos;
				SWIFT_COMPILATION_MODE = wholemodule;
				SWIFT_OPTIMIZATION_LEVEL = "-O";
				VALIDATE_PRODUCT = YES;
			};
			name = Release;
		};
		48355097220CE16500B220EF /* Debug */ = {
			isa = XCBuildConfiguration;
			buildSettings = {
				ASSETCATALOG_COMPILER_APPICON_NAME = AppIcon;
				CODE_SIGN_STYLE = Automatic;
				DEVELOPMENT_TEAM = 465ZSD32S3;
				INFOPLIST_FILE = "e-Reminder/Info.plist";
				LD_RUNPATH_SEARCH_PATHS = (
					"$(inherited)",
					"@executable_path/Frameworks",
				);
				PRODUCT_BUNDLE_IDENTIFIER = "ibraheem.e-Reminder";
				PRODUCT_NAME = "$(TARGET_NAME)";
				SWIFT_VERSION = 4.2;
				TARGETED_DEVICE_FAMILY = "1,2";
			};
			name = Debug;
		};
		48355098220CE16500B220EF /* Release */ = {
			isa = XCBuildConfiguration;
			buildSettings = {
				ASSETCATALOG_COMPILER_APPICON_NAME = AppIcon;
				CODE_SIGN_STYLE = Automatic;
				DEVELOPMENT_TEAM = 465ZSD32S3;
				INFOPLIST_FILE = "e-Reminder/Info.plist";
				LD_RUNPATH_SEARCH_PATHS = (
					"$(inherited)",
					"@executable_path/Frameworks",
				);
				PRODUCT_BUNDLE_IDENTIFIER = "ibraheem.e-Reminder";
				PRODUCT_NAME = "$(TARGET_NAME)";
				SWIFT_VERSION = 4.2;
				TARGETED_DEVICE_FAMILY = "1,2";
			};
			name = Release;
		};
/* End XCBuildConfiguration section */

/* Begin XCConfigurationList section */
		4835507F220CE16400B220EF /* Build configuration list for PBXProject "e-Reminder" */ = {
			isa = XCConfigurationList;
			buildConfigurations = (
				48355094220CE16500B220EF /* Debug */,
				48355095220CE16500B220EF /* Release */,
			);
			defaultConfigurationIsVisible = 0;
			defaultConfigurationName = Release;
		};
		48355096220CE16500B220EF /* Build configuration list for PBXNativeTarget "e-Reminder" */ = {
			isa = XCConfigurationList;
			buildConfigurations = (
				48355097220CE16500B220EF /* Debug */,
				48355098220CE16500B220EF /* Release */,
			);
			defaultConfigurationIsVisible = 0;
			defaultConfigurationName = Release;
		};
/* End XCConfigurationList section */
	};
	rootObject = 4835507C220CE16400B220EF /* Project object */;
}
